# This file is @generated by PDM.
# It is not intended for manual editing.

[metadata]
groups = ["default", "dev"]
strategy = ["inherit_metadata"]
lock_version = "4.5.0"
content_hash = "sha256:d184dc7f003800b9a89fdfdcf77e74ee8ad48c2948725679dd663fb014ab02e7"

[[metadata.targets]]
requires_python = ">=3.8.1,<3.13"

[[package]]
name = "altgraph"
version = "0.17.4"
summary = "Python graph (network) package"
groups = ["dev"]
files = [
    {file = "altgraph-0.17.4-py2.py3-none-any.whl", hash = "sha256:642743b4750de17e655e6711601b077bc6598dbfa3ba5fa2b2a35ce12b508dff"},
    {file = "altgraph-0.17.4.tar.gz", hash = "sha256:1b5afbb98f6c4dcadb2e2ae6ab9fa994bbb8c1d75f4fa96d340f9437ae454406"},
]

[[package]]
name = "importlib-metadata"
version = "8.2.0"
requires_python = ">=3.8"
summary = "Read metadata from Python packages"
groups = ["dev"]
marker = "python_version < \"3.10\""
dependencies = [
    "typing-extensions>=3.6.4; python_version < \"3.8\"",
    "zipp>=0.5",
]
files = [
    {file = "importlib_metadata-8.2.0-py3-none-any.whl", hash = "sha256:11901fa0c2f97919b288679932bb64febaeacf289d18ac84dd68cb2e74213369"},
    {file = "importlib_metadata-8.2.0.tar.gz", hash = "sha256:72e8d4399996132204f9a16dcc751af254a48f8d1b20b9ff0f98d4a8f901e73d"},
]

[[package]]
name = "macholib"
version = "1.16.3"
summary = "Mach-O header analysis and editing"
groups = ["dev"]
marker = "sys_platform == \"darwin\""
dependencies = [
    "altgraph>=0.17",
]
files = [
    {file = "macholib-1.16.3-py2.py3-none-any.whl", hash = "sha256:0e315d7583d38b8c77e815b1ecbdbf504a8258d8b3e17b61165c6feb60d18f2c"},
    {file = "macholib-1.16.3.tar.gz", hash = "sha256:07ae9e15e8e4cd9a788013d81f5908b3609aa76f9b1421bae9c4d7606ec86a30"},
]

[[package]]
name = "mutagen"
version = "1.47.0"
requires_python = ">=3.7"
summary = "read and write audio tags for many formats"
groups = ["default"]
files = [
    {file = "mutagen-1.47.0-py3-none-any.whl", hash = "sha256:edd96f50c5907a9539d8e5bba7245f62c9f520aef333d13392a79a4f70aca719"},
    {file = "mutagen-1.47.0.tar.gz", hash = "sha256:719fadef0a978c31b4cf3c956261b3c58b6948b32023078a2117b1de09f0fc99"},
]

[[package]]
name = "packaging"
version = "24.1"
requires_python = ">=3.8"
summary = "Core utilities for Python packages"
groups = ["dev"]
files = [
    {file = "packaging-24.1-py3-none-any.whl", hash = "sha256:5b8f2217dbdbd2f7f384c41c628544e6d52f2d0f53c6d0c3ea61aa5d1d7ff124"},
    {file = "packaging-24.1.tar.gz", hash = "sha256:026ed72c8ed3fcce5bf8950572258698927fd1dbda10a5e981cdf0ac37f4f002"},
]

[[package]]
name = "pefile"
version = "2023.2.7"
requires_python = ">=3.6.0"
summary = "Python PE parsing module"
groups = ["dev"]
marker = "sys_platform == \"win32\""
files = [
    {file = "pefile-2023.2.7-py3-none-any.whl", hash = "sha256:da185cd2af68c08a6cd4481f7325ed600a88f6a813bad9dea07ab3ef73d8d8d6"},
    {file = "pefile-2023.2.7.tar.gz", hash = "sha256:82e6114004b3d6911c77c3953e3838654b04511b8b66e8583db70c65998017dc"},
]

[[package]]
name = "pyinstaller"
version = "5.13.2"
requires_python = "<3.13,>=3.7"
summary = "PyInstaller bundles a Python application and all its dependencies into a single package."
groups = ["dev"]
dependencies = [
    "altgraph",
    "importlib-metadata>=1.4; python_version < \"3.8\"",
    "macholib>=1.8; sys_platform == \"darwin\"",
    "pefile>=2022.5.30; sys_platform == \"win32\"",
    "pyinstaller-hooks-contrib>=2021.4",
    "pywin32-ctypes>=0.2.1; sys_platform == \"win32\"",
    "setuptools>=42.0.0",
]
files = [
    {file = "pyinstaller-5.13.2-py3-none-macosx_10_13_universal2.whl", hash = "sha256:16cbd66b59a37f4ee59373a003608d15df180a0d9eb1a29ff3bfbfae64b23d0f"},
    {file = "pyinstaller-5.13.2-py3-none-manylinux2014_aarch64.whl", hash = "sha256:8f6dd0e797ae7efdd79226f78f35eb6a4981db16c13325e962a83395c0ec7420"},
    {file = "pyinstaller-5.13.2-py3-none-manylinux2014_i686.whl", hash = "sha256:65133ed89467edb2862036b35d7c5ebd381670412e1e4361215e289c786dd4e6"},
    {file = "pyinstaller-5.13.2-py3-none-manylinux2014_ppc64le.whl", hash = "sha256:7d51734423685ab2a4324ab2981d9781b203dcae42839161a9ee98bfeaabdade"},
    {file = "pyinstaller-5.13.2-py3-none-manylinux2014_s390x.whl", hash = "sha256:2c2fe9c52cb4577a3ac39626b84cf16cf30c2792f785502661286184f162ae0d"},
    {file = "pyinstaller-5.13.2-py3-none-manylinux2014_x86_64.whl", hash = "sha256:c63ef6133eefe36c4b2f4daf4cfea3d6412ece2ca218f77aaf967e52a95ac9b8"},
    {file = "pyinstaller-5.13.2-py3-none-musllinux_1_1_aarch64.whl", hash = "sha256:aadafb6f213549a5906829bb252e586e2cf72a7fbdb5731810695e6516f0ab30"},
    {file = "pyinstaller-5.13.2-py3-none-musllinux_1_1_x86_64.whl", hash = "sha256:b2e1c7f5cceb5e9800927ddd51acf9cc78fbaa9e79e822c48b0ee52d9ce3c892"},
    {file = "pyinstaller-5.13.2-py3-none-win32.whl", hash = "sha256:421cd24f26144f19b66d3868b49ed673176765f92fa9f7914cd2158d25b6d17e"},
    {file = "pyinstaller-5.13.2-py3-none-win_amd64.whl", hash = "sha256:ddcc2b36052a70052479a9e5da1af067b4496f43686ca3cdda99f8367d0627e4"},
    {file = "pyinstaller-5.13.2-py3-none-win_arm64.whl", hash = "sha256:27cd64e7cc6b74c5b1066cbf47d75f940b71356166031deb9778a2579bb874c6"},
    {file = "pyinstaller-5.13.2.tar.gz", hash = "sha256:c8e5d3489c3a7cc5f8401c2d1f48a70e588f9967e391c3b06ddac1f685f8d5d2"},
]

[[package]]
name = "pyinstaller-hooks-contrib"
version = "2024.8"
requires_python = ">=3.8"
summary = "Community maintained hooks for PyInstaller"
groups = ["dev"]
dependencies = [
    "importlib-metadata>=4.6; python_version < \"3.10\"",
    "packaging>=22.0",
    "setuptools>=42.0.0",
]
files = [
    {file = "pyinstaller_hooks_contrib-2024.8-py3-none-any.whl", hash = "sha256:0057fe9a5c398d3f580e73e58793a1d4a8315ca91c3df01efea1c14ed557825a"},
    {file = "pyinstaller_hooks_contrib-2024.8.tar.gz", hash = "sha256:29b68d878ab739e967055b56a93eb9b58e529d5b054fbab7a2f2bacf80cef3e2"},
]

[[package]]
name = "pyside6"
version = "6.6.3.1"
requires_python = "<3.13,>=3.8"
summary = "Python bindings for the Qt cross-platform application and UI framework"
groups = ["default"]
dependencies = [
    "PySide6-Addons==6.6.3.1",
    "PySide6-Essentials==6.6.3.1",
    "shiboken6==6.6.3.1",
]
files = [
    {file = "PySide6-6.6.3.1-cp38-abi3-macosx_11_0_universal2.whl", hash = "sha256:3d2ebb08a7744b59e1270e57f264a9ef5b45fccdc0328a9aeb50d890d6b3f4f2"},
    {file = "PySide6-6.6.3.1-cp38-abi3-manylinux_2_28_x86_64.whl", hash = "sha256:35936f06257e5c37ae8993da0cb5a528e5db3ea1fc2bb6b12cdf899a11510966"},
    {file = "PySide6-6.6.3.1-cp38-abi3-manylinux_2_31_aarch64.whl", hash = "sha256:f7acd26fe8e1a745ef0be66b49ee49ee8ae50c2a2855d9792db262ebc7916d98"},
    {file = "PySide6-6.6.3.1-cp38-abi3-win_amd64.whl", hash = "sha256:d993989a10725c856f5b07f25e0664c5059daa92c259549c9df0972b5b0c7935"},
]

[[package]]
name = "pyside6-addons"
version = "6.6.3.1"
requires_python = "<3.13,>=3.8"
summary = "Python bindings for the Qt cross-platform application and UI framework (Addons)"
groups = ["default"]
dependencies = [
    "PySide6-Essentials==6.6.3.1",
    "shiboken6==6.6.3.1",
]
files = [
    {file = "PySide6_Addons-6.6.3.1-cp38-abi3-macosx_11_0_universal2.whl", hash = "sha256:31135adc521ed6e3fdc8203507e7e9d72424d6b9ebd245d1189d991e90669d6a"},
    {file = "PySide6_Addons-6.6.3.1-cp38-abi3-manylinux_2_28_x86_64.whl", hash = "sha256:7373479565e5bd963b9662857c40c20768bc0b5853334e2076a62cb039e91f74"},
    {file = "PySide6_Addons-6.6.3.1-cp38-abi3-manylinux_2_31_aarch64.whl", hash = "sha256:3abdc1e21de0c6763e5392af5ed8b2349291318ce235e7c310d84a2f9d5001a9"},
    {file = "PySide6_Addons-6.6.3.1-cp38-abi3-win_amd64.whl", hash = "sha256:d8fbcd726dbf3e713e5d5ccc45ff0e1a9edfe336d7190c96cf7e7c7598681239"},
]

[[package]]
name = "pyside6-essentials"
version = "6.6.3.1"
requires_python = "<3.13,>=3.8"
summary = "Python bindings for the Qt cross-platform application and UI framework (Essentials)"
groups = ["default"]
dependencies = [
    "shiboken6==6.6.3.1",
]
files = [
    {file = "PySide6_Essentials-6.6.3.1-cp38-abi3-macosx_11_0_universal2.whl", hash = "sha256:6c16530b63079711783796584b640cc80a347e0b2dc12651aa2877265df7a008"},
    {file = "PySide6_Essentials-6.6.3.1-cp38-abi3-manylinux_2_28_x86_64.whl", hash = "sha256:1f41f357ce2384576581e76c9c3df1c4fa5b38e347f0bcd0cae7c5bce42a917c"},
    {file = "PySide6_Essentials-6.6.3.1-cp38-abi3-manylinux_2_31_aarch64.whl", hash = "sha256:27034525fdbdd21ef21f20fcd7aaf5c2ffe26f2bcf5269a69dd9492dec7e92aa"},
    {file = "PySide6_Essentials-6.6.3.1-cp38-abi3-win_amd64.whl", hash = "sha256:31f7e70ada44d3cdbe6686670b3df036c720cfeb1dced0f7704e5f5a4be6a764"},
]

[[package]]
name = "pywin32-ctypes"
version = "0.2.2"
requires_python = ">=3.6"
summary = "A (partial) reimplementation of pywin32 using ctypes/cffi"
groups = ["dev"]
marker = "sys_platform == \"win32\""
files = [
    {file = "pywin32-ctypes-0.2.2.tar.gz", hash = "sha256:3426e063bdd5fd4df74a14fa3cf80a0b42845a87e1d1e81f6549f9daec593a60"},
    {file = "pywin32_ctypes-0.2.2-py3-none-any.whl", hash = "sha256:bf490a1a709baf35d688fe0ecf980ed4de11d2b3e37b51e5442587a75d9957e7"},
]

[[package]]
name = "setuptools"
version = "72.2.0"
requires_python = ">=3.8"
summary = "Easily download, build, install, upgrade, and uninstall Python packages"
groups = ["dev"]
files = [
    {file = "setuptools-72.2.0-py3-none-any.whl", hash = "sha256:f11dd94b7bae3a156a95ec151f24e4637fb4fa19c878e4d191bfb8b2d82728c4"},
    {file = "setuptools-72.2.0.tar.gz", hash = "sha256:80aacbf633704e9c8bfa1d99fa5dd4dc59573efcf9e4042c13d3bcef91ac2ef9"},
]

[[package]]
name = "shiboken6"
version = "6.6.3.1"
requires_python = "<3.13,>=3.8"
summary = "Python/C++ bindings helper module"
groups = ["default"]
files = [
    {file = "shiboken6-6.6.3.1-cp38-abi3-macosx_11_0_universal2.whl", hash = "sha256:2a8df586aa9eb629388b368d3157893083c5217ed3eb637bf182d1948c823a0f"},
    {file = "shiboken6-6.6.3.1-cp38-abi3-manylinux_2_28_x86_64.whl", hash = "sha256:b1aeff0d79d84ddbdc9970144c1bbc3a52fcb45618d1b33d17d57f99f1246d45"},
    {file = "shiboken6-6.6.3.1-cp38-abi3-manylinux_2_31_aarch64.whl", hash = "sha256:902d9e126ac57cc3841cdc50ba38d53948b40cf667538172f253c4ae7b2dcb2c"},
    {file = "shiboken6-6.6.3.1-cp38-abi3-win_amd64.whl", hash = "sha256:88494b5e08a1f235efddbe2b0b225a3a66e07d72b6091fcc2fc5448572453649"},
]

[[package]]
name = "zipp"
version = "3.20.0"
requires_python = ">=3.8"
summary = "Backport of pathlib-compatible object wrapper for zip files"
groups = ["dev"]
marker = "python_version < \"3.10\""
files = [
    {file = "zipp-3.20.0-py3-none-any.whl", hash = "sha256:58da6168be89f0be59beb194da1250516fdaa062ccebd30127ac65d30045e10d"},
    {file = "zipp-3.20.0.tar.gz", hash = "sha256:0145e43d89664cfe1a2e533adc75adafed82fe2da404b4bbb6b026c0157bdb31"},
]
